
Microsoft Visual Studio Solution File, Format Version 12.00
# Visual Studio Version 17
VisualStudioVersion = 17.9.34701.34
MinimumVisualStudioVersion = 10.0.40219.1
Project("{FAE04EC0-301F-11D3-BF4B-00C04F79EFBC}") = "ConvertHTMLInPDF", "ConvertHTMLInPDF.csproj", "{C684258A-C128-4CE3-9CF8-BF65DF0F4764}"
EndProject
Global
	GlobalSection(SolutionConfigurationPlatforms) = preSolution
		Debug|Any CPU = Debug|Any CPU
		Release|Any CPU = Release|Any CPU
	EndGlobalSection
	GlobalSection(ProjectConfigurationPlatforms) = postSolution
		{C684258A-C128-4CE3-9CF8-BF65DF0F4764}.Debug|Any CPU.ActiveCfg = Debug|Any CPU
		{C684258A-C128-4CE3-9CF8-BF65DF0F4764}.Debug|Any CPU.Build.0 = Debug|Any CPU
		{C684258A-C128-4CE3-9CF8-BF65DF0F4764}.Release|Any CPU.ActiveCfg = Release|Any CPU
		{C684258A-C128-4CE3-9CF8-BF65DF0F4764}.Release|Any CPU.Build.0 = Release|Any CPU
	EndGlobalSection
	GlobalSection(SolutionProperties) = preSolution
		HideSolutionNode = FALSE
	EndGlobalSection
	GlobalSection(ExtensibilityGlobals) = postSolution
		SolutionGuid = {5F96575D-6863-4B0F-ACB3-D052A2A30740}
	EndGlobalSection
EndGlobal
